// !$*UTF8*$!
{
	archiveVersion = 1;
	classes = {
	};
	objectVersion = 46;
	objects = {

/* Begin PBXBuildFile section */
		9391F1B51AA7A79400A896DD /* main.m in Sources */ = {isa = PBXBuildFile; fileRef = 9391F1B41AA7A79400A896DD /* main.m */; };
		9391F1B81AA7A79400A896DD /* AppDelegate.m in Sources */ = {isa = PBXBuildFile; fileRef = 9391F1B71AA7A79400A896DD /* AppDelegate.m */; };
		9391F1BB1AA7A79400A896DD /* ViewController.m in Sources */ = {isa = PBXBuildFile; fileRef = 9391F1BA1AA7A79400A896DD /* ViewController.m */; };
		9391F1BE1AA7A79400A896DD /* Main.storyboard in Resources */ = {isa = PBXBuildFile; fileRef = 9391F1BC1AA7A79400A896DD /* Main.storyboard */; };
		9391F1C01AA7A79400A896DD /* Images.xcassets in Resources */ = {isa = PBXBuildFile; fileRef = 9391F1BF1AA7A79400A896DD /* Images.xcassets */; };
		9391F1C31AA7A79400A896DD /* LaunchScreen.xib in Resources */ = {isa = PBXBuildFile; fileRef = 9391F1C11AA7A79400A896DD /* LaunchScreen.xib */; };
		9391F1CF1AA7A79400A896DD /* HW2Tests.m in Sources */ = {isa = PBXBuildFile; fileRef = 9391F1CE1AA7A79400A896DD /* HW2Tests.m */; };
		9391F1D91AA7A9E600A896DD /* SiteValue.m in Sources */ = {isa = PBXBuildFile; fileRef = 9391F1D81AA7A9E600A896DD /* SiteValue.m */; };
/* End PBXBuildFile section */

/* Begin PBXContainerItemProxy section */
		9391F1C91AA7A79400A896DD /* PBXContainerItemProxy */ = {
			isa = PBXContainerItemProxy;
			containerPortal = 9391F1A71AA7A79400A896DD /* Project object */;
			proxyType = 1;
			remoteGlobalIDString = 9391F1AE1AA7A79400A896DD;
			remoteInfo = HW2;
		};
/* End PBXContainerItemProxy section */

/* Begin PBXFileReference section */
		9391F1AF1AA7A79400A896DD /* HW2.app */ = {isa = PBXFileReference; explicitFileType = wrapper.application; includeInIndex = 0; path = HW2.app; sourceTree = BUILT_PRODUCTS_DIR; };
		9391F1B31AA7A79400A896DD /* Info.plist */ = {isa = PBXFileReference; lastKnownFileType = text.plist.xml; path = Info.plist; sourceTree = "<group>"; };
		9391F1B41AA7A79400A896DD /* main.m */ = {isa = PBXFileReference; lastKnownFileType = sourcecode.c.objc; path = main.m; sourceTree = "<group>"; };
		9391F1B61AA7A79400A896DD /* AppDelegate.h */ = {isa = PBXFileReference; lastKnownFileType = sourcecode.c.h; path = AppDelegate.h; sourceTree = "<group>"; };
		9391F1B71AA7A79400A896DD /* AppDelegate.m */ = {isa = PBXFileReference; lastKnownFileType = sourcecode.c.objc; path = AppDelegate.m; sourceTree = "<group>"; };
		9391F1B91AA7A79400A896DD /* ViewController.h */ = {isa = PBXFileReference; lastKnownFileType = sourcecode.c.h; path = ViewController.h; sourceTree = "<group>"; };
		9391F1BA1AA7A79400A896DD /* ViewController.m */ = {isa = PBXFileReference; lastKnownFileType = sourcecode.c.objc; path = ViewController.m; sourceTree = "<group>"; };
		9391F1BD1AA7A79400A896DD /* Base */ = {isa = PBXFileReference; lastKnownFileType = file.storyboard; name = Base; path = Base.lproj/Main.storyboard; sourceTree = "<group>"; };
		9391F1BF1AA7A79400A896DD /* Images.xcassets */ = {isa = PBXFileReference; lastKnownFileType = folder.assetcatalog; path = Images.xcassets; sourceTree = "<group>"; };
		9391F1C21AA7A79400A896DD /* Base */ = {isa = PBXFileReference; lastKnownFileType = file.xib; name = Base; path = Base.lproj/LaunchScreen.xib; sourceTree = "<group>"; };
		9391F1C81AA7A79400A896DD /* HW2Tests.xctest */ = {isa = PBXFileReference; explicitFileType = wrapper.cfbundle; includeInIndex = 0; path = HW2Tests.xctest; sourceTree = BUILT_PRODUCTS_DIR; };
		9391F1CD1AA7A79400A896DD /* Info.plist */ = {isa = PBXFileReference; lastKnownFileType = text.plist.xml; path = Info.plist; sourceTree = "<group>"; };
		9391F1CE1AA7A79400A896DD /* HW2Tests.m */ = {isa = PBXFileReference; lastKnownFileType = sourcecode.c.objc; path = HW2Tests.m; sourceTree = "<group>"; };
		9391F1D81AA7A9E600A896DD /* SiteValue.m */ = {isa = PBXFileReference; fileEncoding = 4; lastKnownFileType = sourcecode.c.objc; path = SiteValue.m; sourceTree = "<group>"; };
		9391F1DA1AA7A9FA00A896DD /* SiteValue.h */ = {isa = PBXFileReference; lastKnownFileType = sourcecode.c.h; path = SiteValue.h; sourceTree = "<group>"; };
/* End PBXFileReference section */

/* Begin PBXFrameworksBuildPhase section */
		9391F1AC1AA7A79400A896DD /* Frameworks */ = {
			isa = PBXFrameworksBuildPhase;
			buildActionMask = 2147483647;
			files = (
			);
			runOnlyForDeploymentPostprocessing = 0;
		};
		9391F1C51AA7A79400A896DD /* Frameworks */ = {
			isa = PBXFrameworksBuildPhase;
			buildActionMask = 2147483647;
			files = (
			);
			runOnlyForDeploymentPostprocessing = 0;
		};
/* End PBXFrameworksBuildPhase section */

/* Begin PBXGroup section */
		9391F1A61AA7A79400A896DD = {
			isa = PBXGroup;
			children = (
				9391F1B11AA7A79400A896DD /* HW2 */,
				9391F1CB1AA7A79400A896DD /* HW2Tests */,
				9391F1B01AA7A79400A896DD /* Products */,
			);
			sourceTree = "<group>";
		};
		9391F1B01AA7A79400A896DD /* Products */ = {
			isa = PBXGroup;
			children = (
				9391F1AF1AA7A79400A896DD /* HW2.app */,
				9391F1C81AA7A79400A896DD /* HW2Tests.xctest */,
			);
			name = Products;
			sourceTree = "<group>";
		};
		9391F1B11AA7A79400A896DD /* HW2 */ = {
			isa = PBXGroup;
			children = (
				9391F1B61AA7A79400A896DD /* AppDelegate.h */,
				9391F1B71AA7A79400A896DD /* AppDelegate.m */,
				9391F1B91AA7A79400A896DD /* ViewController.h */,
				9391F1BA1AA7A79400A896DD /* ViewController.m */,
				9391F1BC1AA7A79400A896DD /* Main.storyboard */,
				9391F1BF1AA7A79400A896DD /* Images.xcassets */,
				9391F1C11AA7A79400A896DD /* LaunchScreen.xib */,
				9391F1B21AA7A79400A896DD /* Supporting Files */,
				9391F1D81AA7A9E600A896DD /* SiteValue.m */,
				9391F1DA1AA7A9FA00A896DD /* SiteValue.h */,
			);
			path = HW2;
			sourceTree = "<group>";
		};
		9391F1B21AA7A79400A896DD /* Supporting Files */ = {
			isa = PBXGroup;
			children = (
				9391F1B31AA7A79400A896DD /* Info.plist */,
				9391F1B41AA7A79400A896DD /* main.m */,
			);
			name = "Supporting Files";
			sourceTree = "<group>";
		};
		9391F1CB1AA7A79400A896DD /* HW2Tests */ = {
			isa = PBXGroup;
			children = (
				9391F1CE1AA7A79400A896DD /* HW2Tests.m */,
				9391F1CC1AA7A79400A896DD /* Supporting Files */,
			);
			path = HW2Tests;
			sourceTree = "<group>";
		};
		9391F1CC1AA7A79400A896DD /* Supporting Files */ = {
			isa = PBXGroup;
			children = (
				9391F1CD1AA7A79400A896DD /* Info.plist */,
			);
			name = "Supporting Files";
			sourceTree = "<group>";
		};
/* End PBXGroup section */

/* Begin PBXNativeTarget section */
		9391F1AE1AA7A79400A896DD /* HW2 */ = {
			isa = PBXNativeTarget;
			buildConfigurationList = 9391F1D21AA7A79400A896DD /* Build configuration list for PBXNativeTarget "HW2" */;
			buildPhases = (
				9391F1AB1AA7A79400A896DD /* Sources */,
				9391F1AC1AA7A79400A896DD /* Frameworks */,
				9391F1AD1AA7A79400A896DD /* Resources */,
			);
			buildRules = (
			);
			dependencies = (
			);
			name = HW2;
			productName = HW2;
			productReference = 9391F1AF1AA7A79400A896DD /* HW2.app */;
			productType = "com.apple.product-type.application";
		};
		9391F1C71AA7A79400A896DD /* HW2Tests */ = {
			isa = PBXNativeTarget;
			buildConfigurationList = 9391F1D51AA7A79400A896DD /* Build configuration list for PBXNativeTarget "HW2Tests" */;
			buildPhases = (
				9391F1C41AA7A79400A896DD /* Sources */,
				9391F1C51AA7A79400A896DD /* Frameworks */,
				9391F1C61AA7A79400A896DD /* Resources */,
			);
			buildRules = (
			);
			dependencies = (
				9391F1CA1AA7A79400A896DD /* PBXTargetDependency */,
			);
			name = HW2Tests;
			productName = HW2Tests;
			productReference = 9391F1C81AA7A79400A896DD /* HW2Tests.xctest */;
			productType = "com.apple.product-type.bundle.unit-test";
		};
/* End PBXNativeTarget section */

/* Begin PBXProject section */
		9391F1A71AA7A79400A896DD /* Project object */ = {
			isa = PBXProject;
			attributes = {
				LastUpgradeCheck = 0610;
				ORGANIZATIONNAME = nyu.edu;
				TargetAttributes = {
					9391F1AE1AA7A79400A896DD = {
						CreatedOnToolsVersion = 6.1.1;
					};
					9391F1C71AA7A79400A896DD = {
						CreatedOnToolsVersion = 6.1.1;
						TestTargetID = 9391F1AE1AA7A79400A896DD;
					};
				};
			};
			buildConfigurationList = 9391F1AA1AA7A79400A896DD /* Build configuration list for PBXProject "HW2" */;
			compatibilityVersion = "Xcode 3.2";
			developmentRegion = English;
			hasScannedForEncodings = 0;
			knownRegions = (
				en,
				Base,
			);
			mainGroup = 9391F1A61AA7A79400A896DD;
			productRefGroup = 9391F1B01AA7A79400A896DD /* Products */;
			projectDirPath = "";
			projectRoot = "";
			targets = (
				9391F1AE1AA7A79400A896DD /* HW2 */,
				9391F1C71AA7A79400A896DD /* HW2Tests */,
			);
		};
/* End PBXProject section */

/* Begin PBXResourcesBuildPhase section */
		9391F1AD1AA7A79400A896DD /* Resources */ = {
			isa = PBXResourcesBuildPhase;
			buildActionMask = 2147483647;
			files = (
				9391F1BE1AA7A79400A896DD /* Main.storyboard in Resources */,
				9391F1C31AA7A79400A896DD /* LaunchScreen.xib in Resources */,
				9391F1C01AA7A79400A896DD /* Images.xcassets in Resources */,
			);
			runOnlyForDeploymentPostprocessing = 0;
		};
		9391F1C61AA7A79400A896DD /* Resources */ = {
			isa = PBXResourcesBuildPhase;
			buildActionMask = 2147483647;
			files = (
			);
			runOnlyForDeploymentPostprocessing = 0;
		};
/* End PBXResourcesBuildPhase section */

/* Begin PBXSourcesBuildPhase section */
		9391F1AB1AA7A79400A896DD /* Sources */ = {
			isa = PBXSourcesBuildPhase;
			buildActionMask = 2147483647;
			files = (
				9391F1D91AA7A9E600A896DD /* SiteValue.m in Sources */,
				9391F1BB1AA7A79400A896DD /* ViewController.m in Sources */,
				9391F1B81AA7A79400A896DD /* AppDelegate.m in Sources */,
				9391F1B51AA7A79400A896DD /* main.m in Sources */,
			);
			runOnlyForDeploymentPostprocessing = 0;
		};
		9391F1C41AA7A79400A896DD /* Sources */ = {
			isa = PBXSourcesBuildPhase;
			buildActionMask = 2147483647;
			files = (
				9391F1CF1AA7A79400A896DD /* HW2Tests.m in Sources */,
			);
			runOnlyForDeploymentPostprocessing = 0;
		};
/* End PBXSourcesBuildPhase section */

/* Begin PBXTargetDependency section */
		9391F1CA1AA7A79400A896DD /* PBXTargetDependency */ = {
			isa = PBXTargetDependency;
			target = 9391F1AE1AA7A79400A896DD /* HW2 */;
			targetProxy = 9391F1C91AA7A79400A896DD /* PBXContainerItemProxy */;
		};
/* End PBXTargetDependency section */

/* Begin PBXVariantGroup section */
		9391F1BC1AA7A79400A896DD /* Main.storyboard */ = {
			isa = PBXVariantGroup;
			children = (
				9391F1BD1AA7A79400A896DD /* Base */,
			);
			name = Main.storyboard;
			sourceTree = "<group>";
		};
		9391F1C11AA7A79400A896DD /* LaunchScreen.xib */ = {
			isa = PBXVariantGroup;
			children = (
				9391F1C21AA7A79400A896DD /* Base */,
			);
			name = LaunchScreen.xib;
			sourceTree = "<group>";
		};
/* End PBXVariantGroup section */

/* Begin XCBuildConfiguration section */
		9391F1D01AA7A79400A896DD /* Debug */ = {
			isa = XCBuildConfiguration;
			buildSettings = {
				ALWAYS_SEARCH_USER_PATHS = NO;
				CLANG_CXX_LANGUAGE_STANDARD = "gnu++0x";
				CLANG_CXX_LIBRARY = "libc++";
				CLANG_ENABLE_MODULES = YES;
				CLANG_ENABLE_OBJC_ARC = YES;
				CLANG_WARN_BOOL_CONVERSION = YES;
				CLANG_WARN_CONSTANT_CONVERSION = YES;
				CLANG_WARN_DIRECT_OBJC_ISA_USAGE = YES_ERROR;
				CLANG_WARN_EMPTY_BODY = YES;
				CLANG_WARN_ENUM_CONVERSION = YES;
				CLANG_WARN_INT_CONVERSION = YES;
				CLANG_WARN_OBJC_ROOT_CLASS = YES_ERROR;
				CLANG_WARN_UNREACHABLE_CODE = YES;
				CLANG_WARN__DUPLICATE_METHOD_MATCH = YES;
				"CODE_SIGN_IDENTITY[sdk=iphoneos*]" = "iPhone Developer";
				COPY_PHASE_STRIP = NO;
				ENABLE_STRICT_OBJC_MSGSEND = YES;
				GCC_C_LANGUAGE_STANDARD = gnu99;
				GCC_DYNAMIC_NO_PIC = NO;
				GCC_OPTIMIZATION_LEVEL = 0;
				GCC_PREPROCESSOR_DEFINITIONS = (
					"DEBUG=1",
					"$(inherited)",
				);
				GCC_SYMBOLS_PRIVATE_EXTERN = NO;
				GCC_WARN_64_TO_32_BIT_CONVERSION = YES;
				GCC_WARN_ABOUT_RETURN_TYPE = YES_ERROR;
				GCC_WARN_UNDECLARED_SELECTOR = YES;
				GCC_WARN_UNINITIALIZED_AUTOS = YES_AGGRESSIVE;
				GCC_WARN_UNUSED_FUNCTION = YES;
				GCC_WARN_UNUSED_VARIABLE = YES;
				IPHONEOS_DEPLOYMENT_TARGET = 8.1;
				MTL_ENABLE_DEBUG_INFO = YES;
				ONLY_ACTIVE_ARCH = YES;
				SDKROOT = iphoneos;
				TARGETED_DEVICE_FAMILY = "1,2";
			};
			name = Debug;
		};
		9391F1D11AA7A79400A896DD /* Release */ = {
			isa = XCBuildConfiguration;
			buildSettings = {
				ALWAYS_SEARCH_USER_PATHS = NO;
				CLANG_CXX_LANGUAGE_STANDARD = "gnu++0x";
				CLANG_CXX_LIBRARY = "libc++";
				CLANG_ENABLE_MODULES = YES;
				CLANG_ENABLE_OBJC_ARC = YES;
				CLANG_WARN_BOOL_CONVERSION = YES;
				CLANG_WARN_CONSTANT_CONVERSION = YES;
				CLANG_WARN_DIRECT_OBJC_ISA_USAGE = YES_ERROR;
				CLANG_WARN_EMPTY_BODY = YES;
				CLANG_WARN_ENUM_CONVERSION = YES;
				CLANG_WARN_INT_CONVERSION = YES;
				CLANG_WARN_OBJC_ROOT_CLASS = YES_ERROR;
				CLANG_WARN_UNREACHABLE_CODE = YES;
				CLANG_WARN__DUPLICATE_METHOD_MATCH = YES;
				"CODE_SIGN_IDENTITY[sdk=iphoneos*]" = "iPhone Developer";
				COPY_PHASE_STRIP = YES;
				ENABLE_NS_ASSERTIONS = NO;
				ENABLE_STRICT_OBJC_MSGSEND = YES;
				GCC_C_LANGUAGE_STANDARD = gnu99;
				GCC_WARN_64_TO_32_BIT_CONVERSION = YES;
				GCC_WARN_ABOUT_RETURN_TYPE = YES_ERROR;
				GCC_WARN_UNDECLARED_SELECTOR = YES;
				GCC_WARN_UNINITIALIZED_AUTOS = YES_AGGRESSIVE;
				GCC_WARN_UNUSED_FUNCTION = YES;
				GCC_WARN_UNUSED_VARIABLE = YES;
				IPHONEOS_DEPLOYMENT_TARGET = 8.1;
				MTL_ENABLE_DEBUG_INFO = NO;
				SDKROOT = iphoneos;
				TARGETED_DEVICE_FAMILY = "1,2";
				VALIDATE_PRODUCT = YES;
			};
			name = Release;
		};
		9391F1D31AA7A79400A896DD /* Debug */ = {
			isa = XCBuildConfiguration;
			buildSettings = {
				ASSETCATALOG_COMPILER_APPICON_NAME = AppIcon;
				INFOPLIST_FILE = HW2/Info.plist;
				LD_RUNPATH_SEARCH_PATHS = "$(inherited) @executable_path/Frameworks";
				PRODUCT_NAME = "$(TARGET_NAME)";
			};
			name = Debug;
		};
		9391F1D41AA7A79400A896DD /* Release */ = {
			isa = XCBuildConfiguration;
			buildSettings = {
				ASSETCATALOG_COMPILER_APPICON_NAME = AppIcon;
				INFOPLIST_FILE = HW2/Info.plist;
				LD_RUNPATH_SEARCH_PATHS = "$(inherited) @executable_path/Frameworks";
				PRODUCT_NAME = "$(TARGET_NAME)";
			};
			name = Release;
		};
		9391F1D61AA7A79400A896DD /* Debug */ = {
			isa = XCBuildConfiguration;
			buildSettings = {
				BUNDLE_LOADER = "$(TEST_HOST)";
				FRAMEWORK_SEARCH_PATHS = (
					"$(SDKROOT)/Developer/Library/Frameworks",
					"$(inherited)",
				);
				GCC_PREPROCESSOR_DEFINITIONS = (
					"DEBUG=1",
					"$(inherited)",
				);
				INFOPLIST_FILE = HW2Tests/Info.plist;
				LD_RUNPATH_SEARCH_PATHS = "$(inherited) @executable_path/Frameworks @loader_path/Frameworks";
				PRODUCT_NAME = "$(TARGET_NAME)";
				TEST_HOST = "$(BUILT_PRODUCTS_DIR)/HW2.app/HW2";
			};
			name = Debug;
		};
		9391F1D71AA7A79400A896DD /* Release */ = {
			isa = XCBuildConfiguration;
			buildSettings = {
				BUNDLE_LOADER = "$(TEST_HOST)";
				FRAMEWORK_SEARCH_PATHS = (
					"$(SDKROOT)/Developer/Library/Frameworks",
					"$(inherited)",
				);
				INFOPLIST_FILE = HW2Tests/Info.plist;
				LD_RUNPATH_SEARCH_PATHS = "$(inherited) @executable_path/Frameworks @loader_path/Frameworks";
				PRODUCT_NAME = "$(TARGET_NAME)";
				TEST_HOST = "$(BUILT_PRODUCTS_DIR)/HW2.app/HW2";
			};
			name = Release;
		};
/* End XCBuildConfiguration section */

/* Begin XCConfigurationList section */
		9391F1AA1AA7A79400A896DD /* Build configuration list for PBXProject "HW2" */ = {
			isa = XCConfigurationList;
			buildConfigurations = (
				9391F1D01AA7A79400A896DD /* Debug */,
				9391F1D11AA7A79400A896DD /* Release */,
			);
			defaultConfigurationIsVisible = 0;
			defaultConfigurationName = Release;
		};
		9391F1D21AA7A79400A896DD /* Build configuration list for PBXNativeTarget "HW2" */ = {
			isa = XCConfigurationList;
			buildConfigurations = (
				9391F1D31AA7A79400A896DD /* Debug */,
				9391F1D41AA7A79400A896DD /* Release */,
			);
			defaultConfigurationIsVisible = 0;
			defaultConfigurationName = Release;
		};
		9391F1D51AA7A79400A896DD /* Build configuration list for PBXNativeTarget "HW2Tests" */ = {
			isa = XCConfigurationList;
			buildConfigurations = (
				9391F1D61AA7A79400A896DD /* Debug */,
				9391F1D71AA7A79400A896DD /* Release */,
			);
			defaultConfigurationIsVisible = 0;
			defaultConfigurationName = Release;
		};
/* End XCConfigurationList section */
	};
	rootObject = 9391F1A71AA7A79400A896DD /* Project object */;
}
